
Microsoft Visual Studio Solution File, Format Version 12.00
# Visual Studio Version 16
VisualStudioVersion = 25.0.1703.0
MinimumVisualStudioVersion = 10.0.40219.1
Project("{FAE04EC0-301F-11D3-BF4B-00C04F79EFBC}") = "RoomWeather.Android", "RoomWeather\RoomWeather.Android\RoomWeather.Android.csproj", "{A33AB65F-F069-48E0-B58E-28F167ADFE1F}"
EndProject
Project("{FAE04EC0-301F-11D3-BF4B-00C04F79EFBC}") = "RoomWeather.iOS", "RoomWeather\RoomWeather.iOS\RoomWeather.iOS.csproj", "{F250DE65-DB48-48DC-8583-B2AB365B6A1A}"
EndProject
Project("{FAE04EC0-301F-11D3-BF4B-00C04F79EFBC}") = "RoomWeather", "RoomWeather\RoomWeather\RoomWeather.csproj", "{048EBF8C-B2D5-4868-A0B7-E8F195BF1980}"
EndProject
Global
	GlobalSection(SolutionConfigurationPlatforms) = preSolution
		Debug|Any CPU = Debug|Any CPU
		Release|Any CPU = Release|Any CPU
		Debug|iPhoneSimulator = Debug|iPhoneSimulator
		Release|iPhoneSimulator = Release|iPhoneSimulator
		Debug|iPhone = Debug|iPhone
		Release|iPhone = Release|iPhone
	EndGlobalSection
	GlobalSection(ProjectConfigurationPlatforms) = postSolution
		{A33AB65F-F069-48E0-B58E-28F167ADFE1F}.Debug|Any CPU.ActiveCfg = Debug|Any CPU
		{A33AB65F-F069-48E0-B58E-28F167ADFE1F}.Debug|Any CPU.Build.0 = Debug|Any CPU
		{A33AB65F-F069-48E0-B58E-28F167ADFE1F}.Release|Any CPU.ActiveCfg = Release|Any CPU
		{A33AB65F-F069-48E0-B58E-28F167ADFE1F}.Release|Any CPU.Build.0 = Release|Any CPU
		{A33AB65F-F069-48E0-B58E-28F167ADFE1F}.Debug|iPhoneSimulator.ActiveCfg = Debug|Any CPU
		{A33AB65F-F069-48E0-B58E-28F167ADFE1F}.Debug|iPhoneSimulator.Build.0 = Debug|Any CPU
		{A33AB65F-F069-48E0-B58E-28F167ADFE1F}.Release|iPhoneSimulator.ActiveCfg = Release|Any CPU
		{A33AB65F-F069-48E0-B58E-28F167ADFE1F}.Release|iPhoneSimulator.Build.0 = Release|Any CPU
		{A33AB65F-F069-48E0-B58E-28F167ADFE1F}.Debug|iPhone.ActiveCfg = Debug|Any CPU
		{A33AB65F-F069-48E0-B58E-28F167ADFE1F}.Debug|iPhone.Build.0 = Debug|Any CPU
		{A33AB65F-F069-48E0-B58E-28F167ADFE1F}.Release|iPhone.ActiveCfg = Release|Any CPU
		{A33AB65F-F069-48E0-B58E-28F167ADFE1F}.Release|iPhone.Build.0 = Release|Any CPU
		{F250DE65-DB48-48DC-8583-B2AB365B6A1A}.Debug|Any CPU.ActiveCfg = Debug|iPhoneSimulator
		{F250DE65-DB48-48DC-8583-B2AB365B6A1A}.Debug|Any CPU.Build.0 = Debug|iPhoneSimulator
		{F250DE65-DB48-48DC-8583-B2AB365B6A1A}.Release|Any CPU.ActiveCfg = Release|iPhoneSimulator
		{F250DE65-DB48-48DC-8583-B2AB365B6A1A}.Release|Any CPU.Build.0 = Release|iPhoneSimulator
		{F250DE65-DB48-48DC-8583-B2AB365B6A1A}.Debug|iPhoneSimulator.ActiveCfg = Debug|iPhoneSimulator
		{F250DE65-DB48-48DC-8583-B2AB365B6A1A}.Debug|iPhoneSimulator.Build.0 = Debug|iPhoneSimulator
		{F250DE65-DB48-48DC-8583-B2AB365B6A1A}.Release|iPhoneSimulator.ActiveCfg = Release|iPhoneSimulator
		{F250DE65-DB48-48DC-8583-B2AB365B6A1A}.Release|iPhoneSimulator.Build.0 = Release|iPhoneSimulator
		{F250DE65-DB48-48DC-8583-B2AB365B6A1A}.Debug|iPhone.ActiveCfg = Debug|iPhone
		{F250DE65-DB48-48DC-8583-B2AB365B6A1A}.Debug|iPhone.Build.0 = Debug|iPhone
		{F250DE65-DB48-48DC-8583-B2AB365B6A1A}.Release|iPhone.ActiveCfg = Release|iPhone
		{F250DE65-DB48-48DC-8583-B2AB365B6A1A}.Release|iPhone.Build.0 = Release|iPhone
		{048EBF8C-B2D5-4868-A0B7-E8F195BF1980}.Debug|Any CPU.ActiveCfg = Debug|Any CPU
		{048EBF8C-B2D5-4868-A0B7-E8F195BF1980}.Debug|Any CPU.Build.0 = Debug|Any CPU
		{048EBF8C-B2D5-4868-A0B7-E8F195BF1980}.Release|Any CPU.ActiveCfg = Release|Any CPU
		{048EBF8C-B2D5-4868-A0B7-E8F195BF1980}.Release|Any CPU.Build.0 = Release|Any CPU
		{048EBF8C-B2D5-4868-A0B7-E8F195BF1980}.Debug|iPhoneSimulator.ActiveCfg = Debug|Any CPU
		{048EBF8C-B2D5-4868-A0B7-E8F195BF1980}.Debug|iPhoneSimulator.Build.0 = Debug|Any CPU
		{048EBF8C-B2D5-4868-A0B7-E8F195BF1980}.Release|iPhoneSimulator.ActiveCfg = Release|Any CPU
		{048EBF8C-B2D5-4868-A0B7-E8F195BF1980}.Release|iPhoneSimulator.Build.0 = Release|Any CPU
		{048EBF8C-B2D5-4868-A0B7-E8F195BF1980}.Debug|iPhone.ActiveCfg = Debug|Any CPU
		{048EBF8C-B2D5-4868-A0B7-E8F195BF1980}.Debug|iPhone.Build.0 = Debug|Any CPU
		{048EBF8C-B2D5-4868-A0B7-E8F195BF1980}.Release|iPhone.ActiveCfg = Release|Any CPU
		{048EBF8C-B2D5-4868-A0B7-E8F195BF1980}.Release|iPhone.Build.0 = Release|Any CPU
	EndGlobalSection
	GlobalSection(SolutionProperties) = preSolution
		HideSolutionNode = FALSE
	EndGlobalSection
	GlobalSection(ExtensibilityGlobals) = postSolution
		SolutionGuid = {65ED76C9-C268-464C-AF8A-DA464A9E1840}
	EndGlobalSection
EndGlobal
